
Microsoft Visual Studio Solution File, Format Version 12.00
# Visual Studio Version 16
VisualStudioVersion = 16.0.31129.286
MinimumVisualStudioVersion = 10.0.40219.1
Project("{FAE04EC0-301F-11D3-BF4B-00C04F79EFBC}") = "oop_3laba", "..\oop_3laba\oop_3laba\oop_3laba.csproj", "{274E733D-B8DD-4C70-BBC2-D990B379C4A3}"
EndProject
Global
	GlobalSection(SolutionConfigurationPlatforms) = preSolution
		Debug|Any CPU = Debug|Any CPU
		Release|Any CPU = Release|Any CPU
	EndGlobalSection
	GlobalSection(ProjectConfigurationPlatforms) = postSolution
		{274E733D-B8DD-4C70-BBC2-D990B379C4A3}.Debug|Any CPU.ActiveCfg = Debug|Any CPU
		{274E733D-B8DD-4C70-BBC2-D990B379C4A3}.Debug|Any CPU.Build.0 = Debug|Any CPU
		{274E733D-B8DD-4C70-BBC2-D990B379C4A3}.Release|Any CPU.ActiveCfg = Release|Any CPU
		{274E733D-B8DD-4C70-BBC2-D990B379C4A3}.Release|Any CPU.Build.0 = Release|Any CPU
	EndGlobalSection
	GlobalSection(SolutionProperties) = preSolution
		HideSolutionNode = FALSE
	EndGlobalSection
	GlobalSection(ExtensibilityGlobals) = postSolution
		SolutionGuid = {1C9D07F2-7148-4A78-8874-611AAAC165E0}
	EndGlobalSection
EndGlobal
